// !$*UTF8*$!
{
	archiveVersion = 1;
	classes = {
	};
	objectVersion = 55;
	objects = {

/* Begin PBXBuildFile section */
		B09BCF9127C4237400ABB371 /* AppDelegate.swift in Sources */ = {isa = PBXBuildFile; fileRef = B09BCF9027C4237400ABB371 /* AppDelegate.swift */; };
		B09BCF9327C4237400ABB371 /* SceneDelegate.swift in Sources */ = {isa = PBXBuildFile; fileRef = B09BCF9227C4237400ABB371 /* SceneDelegate.swift */; };
		B09BCF9527C4237400ABB371 /* ViewController.swift in Sources */ = {isa = PBXBuildFile; fileRef = B09BCF9427C4237400ABB371 /* ViewController.swift */; };
		B09BCF9827C4237400ABB371 /* Main.storyboard in Resources */ = {isa = PBXBuildFile; fileRef = B09BCF9627C4237400ABB371 /* Main.storyboard */; };
		B09BCF9A27C4237700ABB371 /* Assets.xcassets in Resources */ = {isa = PBXBuildFile; fileRef = B09BCF9927C4237700ABB371 /* Assets.xcassets */; };
		B09BCF9D27C4237700ABB371 /* LaunchScreen.storyboard in Resources */ = {isa = PBXBuildFile; fileRef = B09BCF9B27C4237700ABB371 /* LaunchScreen.storyboard */; };
		B09BCFA827C4237700ABB371 /* SenhasAppTests.swift in Sources */ = {isa = PBXBuildFile; fileRef = B09BCFA727C4237700ABB371 /* SenhasAppTests.swift */; };
		B09BCFB227C4237800ABB371 /* SenhasAppUITests.swift in Sources */ = {isa = PBXBuildFile; fileRef = B09BCFB127C4237800ABB371 /* SenhasAppUITests.swift */; };
		B09BCFB427C4237800ABB371 /* SenhasAppUITestsLaunchTests.swift in Sources */ = {isa = PBXBuildFile; fileRef = B09BCFB327C4237800ABB371 /* SenhasAppUITestsLaunchTests.swift */; };
/* End PBXBuildFile section */

/* Begin PBXContainerItemProxy section */
		B09BCFA427C4237700ABB371 /* PBXContainerItemProxy */ = {
			isa = PBXContainerItemProxy;
			containerPortal = B09BCF8527C4237300ABB371 /* Project object */;
			proxyType = 1;
			remoteGlobalIDString = B09BCF8C27C4237400ABB371;
			remoteInfo = SenhasApp;
		};
		B09BCFAE27C4237800ABB371 /* PBXContainerItemProxy */ = {
			isa = PBXContainerItemProxy;
			containerPortal = B09BCF8527C4237300ABB371 /* Project object */;
			proxyType = 1;
			remoteGlobalIDString = B09BCF8C27C4237400ABB371;
			remoteInfo = SenhasApp;
		};
/* End PBXContainerItemProxy section */

/* Begin PBXFileReference section */
		B09BCF8D27C4237400ABB371 /* SenhasApp.app */ = {isa = PBXFileReference; explicitFileType = wrapper.application; includeInIndex = 0; path = SenhasApp.app; sourceTree = BUILT_PRODUCTS_DIR; };
		B09BCF9027C4237400ABB371 /* AppDelegate.swift */ = {isa = PBXFileReference; lastKnownFileType = sourcecode.swift; path = AppDelegate.swift; sourceTree = "<group>"; };
		B09BCF9227C4237400ABB371 /* SceneDelegate.swift */ = {isa = PBXFileReference; lastKnownFileType = sourcecode.swift; path = SceneDelegate.swift; sourceTree = "<group>"; };
		B09BCF9427C4237400ABB371 /* ViewController.swift */ = {isa = PBXFileReference; lastKnownFileType = sourcecode.swift; path = ViewController.swift; sourceTree = "<group>"; };
		B09BCF9727C4237400ABB371 /* Base */ = {isa = PBXFileReference; lastKnownFileType = file.storyboard; name = Base; path = Base.lproj/Main.storyboard; sourceTree = "<group>"; };
		B09BCF9927C4237700ABB371 /* Assets.xcassets */ = {isa = PBXFileReference; lastKnownFileType = folder.assetcatalog; path = Assets.xcassets; sourceTree = "<group>"; };
		B09BCF9C27C4237700ABB371 /* Base */ = {isa = PBXFileReference; lastKnownFileType = file.storyboard; name = Base; path = Base.lproj/LaunchScreen.storyboard; sourceTree = "<group>"; };
		B09BCF9E27C4237700ABB371 /* Info.plist */ = {isa = PBXFileReference; lastKnownFileType = text.plist.xml; path = Info.plist; sourceTree = "<group>"; };
		B09BCFA327C4237700ABB371 /* SenhasAppTests.xctest */ = {isa = PBXFileReference; explicitFileType = wrapper.cfbundle; includeInIndex = 0; path = SenhasAppTests.xctest; sourceTree = BUILT_PRODUCTS_DIR; };
		B09BCFA727C4237700ABB371 /* SenhasAppTests.swift */ = {isa = PBXFileReference; lastKnownFileType = sourcecode.swift; path = SenhasAppTests.swift; sourceTree = "<group>"; };
		B09BCFAD27C4237800ABB371 /* SenhasAppUITests.xctest */ = {isa = PBXFileReference; explicitFileType = wrapper.cfbundle; includeInIndex = 0; path = SenhasAppUITests.xctest; sourceTree = BUILT_PRODUCTS_DIR; };
		B09BCFB127C4237800ABB371 /* SenhasAppUITests.swift */ = {isa = PBXFileReference; lastKnownFileType = sourcecode.swift; path = SenhasAppUITests.swift; sourceTree = "<group>"; };
		B09BCFB327C4237800ABB371 /* SenhasAppUITestsLaunchTests.swift */ = {isa = PBXFileReference; lastKnownFileType = sourcecode.swift; path = SenhasAppUITestsLaunchTests.swift; sourceTree = "<group>"; };
/* End PBXFileReference section */

/* Begin PBXFrameworksBuildPhase section */
		B09BCF8A27C4237400ABB371 /* Frameworks */ = {
			isa = PBXFrameworksBuildPhase;
			buildActionMask = 2147483647;
			files = (
			);
			runOnlyForDeploymentPostprocessing = 0;
		};
		B09BCFA027C4237700ABB371 /* Frameworks */ = {
			isa = PBXFrameworksBuildPhase;
			buildActionMask = 2147483647;
			files = (
			);
			runOnlyForDeploymentPostprocessing = 0;
		};
		B09BCFAA27C4237800ABB371 /* Frameworks */ = {
			isa = PBXFrameworksBuildPhase;
			buildActionMask = 2147483647;
			files = (
			);
			runOnlyForDeploymentPostprocessing = 0;
		};
/* End PBXFrameworksBuildPhase section */

/* Begin PBXGroup section */
		B09BCF8427C4237300ABB371 = {
			isa = PBXGroup;
			children = (
				B09BCF8F27C4237400ABB371 /* SenhasApp */,
				B09BCFA627C4237700ABB371 /* SenhasAppTests */,
				B09BCFB027C4237800ABB371 /* SenhasAppUITests */,
				B09BCF8E27C4237400ABB371 /* Products */,
			);
			sourceTree = "<group>";
		};
		B09BCF8E27C4237400ABB371 /* Products */ = {
			isa = PBXGroup;
			children = (
				B09BCF8D27C4237400ABB371 /* SenhasApp.app */,
				B09BCFA327C4237700ABB371 /* SenhasAppTests.xctest */,
				B09BCFAD27C4237800ABB371 /* SenhasAppUITests.xctest */,
			);
			name = Products;
			sourceTree = "<group>";
		};
		B09BCF8F27C4237400ABB371 /* SenhasApp */ = {
			isa = PBXGroup;
			children = (
				B09BCF9027C4237400ABB371 /* AppDelegate.swift */,
				B09BCF9227C4237400ABB371 /* SceneDelegate.swift */,
				B09BCF9427C4237400ABB371 /* ViewController.swift */,
				B09BCF9627C4237400ABB371 /* Main.storyboard */,
				B09BCF9927C4237700ABB371 /* Assets.xcassets */,
				B09BCF9B27C4237700ABB371 /* LaunchScreen.storyboard */,
				B09BCF9E27C4237700ABB371 /* Info.plist */,
			);
			path = SenhasApp;
			sourceTree = "<group>";
		};
		B09BCFA627C4237700ABB371 /* SenhasAppTests */ = {
			isa = PBXGroup;
			children = (
				B09BCFA727C4237700ABB371 /* SenhasAppTests.swift */,
			);
			path = SenhasAppTests;
			sourceTree = "<group>";
		};
		B09BCFB027C4237800ABB371 /* SenhasAppUITests */ = {
			isa = PBXGroup;
			children = (
				B09BCFB127C4237800ABB371 /* SenhasAppUITests.swift */,
				B09BCFB327C4237800ABB371 /* SenhasAppUITestsLaunchTests.swift */,
			);
			path = SenhasAppUITests;
			sourceTree = "<group>";
		};
/* End PBXGroup section */

/* Begin PBXNativeTarget section */
		B09BCF8C27C4237400ABB371 /* SenhasApp */ = {
			isa = PBXNativeTarget;
			buildConfigurationList = B09BCFB727C4237800ABB371 /* Build configuration list for PBXNativeTarget "SenhasApp" */;
			buildPhases = (
				B09BCF8927C4237400ABB371 /* Sources */,
				B09BCF8A27C4237400ABB371 /* Frameworks */,
				B09BCF8B27C4237400ABB371 /* Resources */,
			);
			buildRules = (
			);
			dependencies = (
			);
			name = SenhasApp;
			productName = SenhasApp;
			productReference = B09BCF8D27C4237400ABB371 /* SenhasApp.app */;
			productType = "com.apple.product-type.application";
		};
		B09BCFA227C4237700ABB371 /* SenhasAppTests */ = {
			isa = PBXNativeTarget;
			buildConfigurationList = B09BCFBA27C4237800ABB371 /* Build configuration list for PBXNativeTarget "SenhasAppTests" */;
			buildPhases = (
				B09BCF9F27C4237700ABB371 /* Sources */,
				B09BCFA027C4237700ABB371 /* Frameworks */,
				B09BCFA127C4237700ABB371 /* Resources */,
			);
			buildRules = (
			);
			dependencies = (
				B09BCFA527C4237700ABB371 /* PBXTargetDependency */,
			);
			name = SenhasAppTests;
			productName = SenhasAppTests;
			productReference = B09BCFA327C4237700ABB371 /* SenhasAppTests.xctest */;
			productType = "com.apple.product-type.bundle.unit-test";
		};
		B09BCFAC27C4237800ABB371 /* SenhasAppUITests */ = {
			isa = PBXNativeTarget;
			buildConfigurationList = B09BCFBD27C4237800ABB371 /* Build configuration list for PBXNativeTarget "SenhasAppUITests" */;
			buildPhases = (
				B09BCFA927C4237800ABB371 /* Sources */,
				B09BCFAA27C4237800ABB371 /* Frameworks */,
				B09BCFAB27C4237800ABB371 /* Resources */,
			);
			buildRules = (
			);
			dependencies = (
				B09BCFAF27C4237800ABB371 /* PBXTargetDependency */,
			);
			name = SenhasAppUITests;
			productName = SenhasAppUITests;
			productReference = B09BCFAD27C4237800ABB371 /* SenhasAppUITests.xctest */;
			productType = "com.apple.product-type.bundle.ui-testing";
		};
/* End PBXNativeTarget section */

/* Begin PBXProject section */
		B09BCF8527C4237300ABB371 /* Project object */ = {
			isa = PBXProject;
			attributes = {
				BuildIndependentTargetsInParallel = 1;
				LastSwiftUpdateCheck = 1310;
				LastUpgradeCheck = 1310;
				TargetAttributes = {
					B09BCF8C27C4237400ABB371 = {
						CreatedOnToolsVersion = 13.1;
					};
					B09BCFA227C4237700ABB371 = {
						CreatedOnToolsVersion = 13.1;
						TestTargetID = B09BCF8C27C4237400ABB371;
					};
					B09BCFAC27C4237800ABB371 = {
						CreatedOnToolsVersion = 13.1;
						TestTargetID = B09BCF8C27C4237400ABB371;
					};
				};
			};
			buildConfigurationList = B09BCF8827C4237300ABB371 /* Build configuration list for PBXProject "SenhasApp" */;
			compatibilityVersion = "Xcode 13.0";
			developmentRegion = en;
			hasScannedForEncodings = 0;
			knownRegions = (
				en,
				Base,
			);
			mainGroup = B09BCF8427C4237300ABB371;
			productRefGroup = B09BCF8E27C4237400ABB371 /* Products */;
			projectDirPath = "";
			projectRoot = "";
			targets = (
				B09BCF8C27C4237400ABB371 /* SenhasApp */,
				B09BCFA227C4237700ABB371 /* SenhasAppTests */,
				B09BCFAC27C4237800ABB371 /* SenhasAppUITests */,
			);
		};
/* End PBXProject section */

/* Begin PBXResourcesBuildPhase section */
		B09BCF8B27C4237400ABB371 /* Resources */ = {
			isa = PBXResourcesBuildPhase;
			buildActionMask = 2147483647;
			files = (
				B09BCF9D27C4237700ABB371 /* LaunchScreen.storyboard in Resources */,
				B09BCF9A27C4237700ABB371 /* Assets.xcassets in Resources */,
				B09BCF9827C4237400ABB371 /* Main.storyboard in Resources */,
			);
			runOnlyForDeploymentPostprocessing = 0;
		};
		B09BCFA127C4237700ABB371 /* Resources */ = {
			isa = PBXResourcesBuildPhase;
			buildActionMask = 2147483647;
			files = (
			);
			runOnlyForDeploymentPostprocessing = 0;
		};
		B09BCFAB27C4237800ABB371 /* Resources */ = {
			isa = PBXResourcesBuildPhase;
			buildActionMask = 2147483647;
			files = (
			);
			runOnlyForDeploymentPostprocessing = 0;
		};
/* End PBXResourcesBuildPhase section */

/* Begin PBXSourcesBuildPhase section */
		B09BCF8927C4237400ABB371 /* Sources */ = {
			isa = PBXSourcesBuildPhase;
			buildActionMask = 2147483647;
			files = (
				B09BCF9527C4237400ABB371 /* ViewController.swift in Sources */,
				B09BCF9127C4237400ABB371 /* AppDelegate.swift in Sources */,
				B09BCF9327C4237400ABB371 /* SceneDelegate.swift in Sources */,
			);
			runOnlyForDeploymentPostprocessing = 0;
		};
		B09BCF9F27C4237700ABB371 /* Sources */ = {
			isa = PBXSourcesBuildPhase;
			buildActionMask = 2147483647;
			files = (
				B09BCFA827C4237700ABB371 /* SenhasAppTests.swift in Sources */,
			);
			runOnlyForDeploymentPostprocessing = 0;
		};
		B09BCFA927C4237800ABB371 /* Sources */ = {
			isa = PBXSourcesBuildPhase;
			buildActionMask = 2147483647;
			files = (
				B09BCFB427C4237800ABB371 /* SenhasAppUITestsLaunchTests.swift in Sources */,
				B09BCFB227C4237800ABB371 /* SenhasAppUITests.swift in Sources */,
			);
			runOnlyForDeploymentPostprocessing = 0;
		};
/* End PBXSourcesBuildPhase section */

/* Begin PBXTargetDependency section */
		B09BCFA527C4237700ABB371 /* PBXTargetDependency */ = {
			isa = PBXTargetDependency;
			target = B09BCF8C27C4237400ABB371 /* SenhasApp */;
			targetProxy = B09BCFA427C4237700ABB371 /* PBXContainerItemProxy */;
		};
		B09BCFAF27C4237800ABB371 /* PBXTargetDependency */ = {
			isa = PBXTargetDependency;
			target = B09BCF8C27C4237400ABB371 /* SenhasApp */;
			targetProxy = B09BCFAE27C4237800ABB371 /* PBXContainerItemProxy */;
		};
/* End PBXTargetDependency section */

/* Begin PBXVariantGroup section */
		B09BCF9627C4237400ABB371 /* Main.storyboard */ = {
			isa = PBXVariantGroup;
			children = (
				B09BCF9727C4237400ABB371 /* Base */,
			);
			name = Main.storyboard;
			sourceTree = "<group>";
		};
		B09BCF9B27C4237700ABB371 /* LaunchScreen.storyboard */ = {
			isa = PBXVariantGroup;
			children = (
				B09BCF9C27C4237700ABB371 /* Base */,
			);
			name = LaunchScreen.storyboard;
			sourceTree = "<group>";
		};
/* End PBXVariantGroup section */

/* Begin XCBuildConfiguration section */
		B09BCFB527C4237800ABB371 /* Debug */ = {
			isa = XCBuildConfiguration;
			buildSettings = {
				ALWAYS_SEARCH_USER_PATHS = NO;
				CLANG_ANALYZER_NONNULL = YES;
				CLANG_ANALYZER_NUMBER_OBJECT_CONVERSION = YES_AGGRESSIVE;
				CLANG_CXX_LANGUAGE_STANDARD = "gnu++17";
				CLANG_CXX_LIBRARY = "libc++";
				CLANG_ENABLE_MODULES = YES;
				CLANG_ENABLE_OBJC_ARC = YES;
				CLANG_ENABLE_OBJC_WEAK = YES;
				CLANG_WARN_BLOCK_CAPTURE_AUTORELEASING = YES;
				CLANG_WARN_BOOL_CONVERSION = YES;
				CLANG_WARN_COMMA = YES;
				CLANG_WARN_CONSTANT_CONVERSION = YES;
				CLANG_WARN_DEPRECATED_OBJC_IMPLEMENTATIONS = YES;
				CLANG_WARN_DIRECT_OBJC_ISA_USAGE = YES_ERROR;
				CLANG_WARN_DOCUMENTATION_COMMENTS = YES;
				CLANG_WARN_EMPTY_BODY = YES;
				CLANG_WARN_ENUM_CONVERSION = YES;
				CLANG_WARN_INFINITE_RECURSION = YES;
				CLANG_WARN_INT_CONVERSION = YES;
				CLANG_WARN_NON_LITERAL_NULL_CONVERSION = YES;
				CLANG_WARN_OBJC_IMPLICIT_RETAIN_SELF = YES;
				CLANG_WARN_OBJC_LITERAL_CONVERSION = YES;
				CLANG_WARN_OBJC_ROOT_CLASS = YES_ERROR;
				CLANG_WARN_QUOTED_INCLUDE_IN_FRAMEWORK_HEADER = YES;
				CLANG_WARN_RANGE_LOOP_ANALYSIS = YES;
				CLANG_WARN_STRICT_PROTOTYPES = YES;
				CLANG_WARN_SUSPICIOUS_MOVE = YES;
				CLANG_WARN_UNGUARDED_AVAILABILITY = YES_AGGRESSIVE;
				CLANG_WARN_UNREACHABLE_CODE = YES;
				CLANG_WARN__DUPLICATE_METHOD_MATCH = YES;
				COPY_PHASE_STRIP = NO;
				DEBUG_INFORMATION_FORMAT = dwarf;
				ENABLE_STRICT_OBJC_MSGSEND = YES;
				ENABLE_TESTABILITY = YES;
				GCC_C_LANGUAGE_STANDARD = gnu11;
				GCC_DYNAMIC_NO_PIC = NO;
				GCC_NO_COMMON_BLOCKS = YES;
				GCC_OPTIMIZATION_LEVEL = 0;
				GCC_PREPROCESSOR_DEFINITIONS = (
					"DEBUG=1",
					"$(inherited)",
				);
				GCC_WARN_64_TO_32_BIT_CONVERSION = YES;
				GCC_WARN_ABOUT_RETURN_TYPE = YES_ERROR;
				GCC_WARN_UNDECLARED_SELECTOR = YES;
				GCC_WARN_UNINITIALIZED_AUTOS = YES_AGGRESSIVE;
				GCC_WARN_UNUSED_FUNCTION = YES;
				GCC_WARN_UNUSED_VARIABLE = YES;
				IPHONEOS_DEPLOYMENT_TARGET = 15.0;
				MTL_ENABLE_DEBUG_INFO = INCLUDE_SOURCE;
				MTL_FAST_MATH = YES;
				ONLY_ACTIVE_ARCH = YES;
				SDKROOT = iphoneos;
				SWIFT_ACTIVE_COMPILATION_CONDITIONS = DEBUG;
				SWIFT_OPTIMIZATION_LEVEL = "-Onone";
			};
			name = Debug;
		};
		B09BCFB627C4237800ABB371 /* Release */ = {
			isa = XCBuildConfiguration;
			buildSettings = {
				ALWAYS_SEARCH_USER_PATHS = NO;
				CLANG_ANALYZER_NONNULL = YES;
				CLANG_ANALYZER_NUMBER_OBJECT_CONVERSION = YES_AGGRESSIVE;
				CLANG_CXX_LANGUAGE_STANDARD = "gnu++17";
				CLANG_CXX_LIBRARY = "libc++";
				CLANG_ENABLE_MODULES = YES;
				CLANG_ENABLE_OBJC_ARC = YES;
				CLANG_ENABLE_OBJC_WEAK = YES;
				CLANG_WARN_BLOCK_CAPTURE_AUTORELEASING = YES;
				CLANG_WARN_BOOL_CONVERSION = YES;
				CLANG_WARN_COMMA = YES;
				CLANG_WARN_CONSTANT_CONVERSION = YES;
				CLANG_WARN_DEPRECATED_OBJC_IMPLEMENTATIONS = YES;
				CLANG_WARN_DIRECT_OBJC_ISA_USAGE = YES_ERROR;
				CLANG_WARN_DOCUMENTATION_COMMENTS = YES;
				CLANG_WARN_EMPTY_BODY = YES;
				CLANG_WARN_ENUM_CONVERSION = YES;
				CLANG_WARN_INFINITE_RECURSION = YES;
				CLANG_WARN_INT_CONVERSION = YES;
				CLANG_WARN_NON_LITERAL_NULL_CONVERSION = YES;
				CLANG_WARN_OBJC_IMPLICIT_RETAIN_SELF = YES;
				CLANG_WARN_OBJC_LITERAL_CONVERSION = YES;
				CLANG_WARN_OBJC_ROOT_CLASS = YES_ERROR;
				CLANG_WARN_QUOTED_INCLUDE_IN_FRAMEWORK_HEADER = YES;
				CLANG_WARN_RANGE_LOOP_ANALYSIS = YES;
				CLANG_WARN_STRICT_PROTOTYPES = YES;
				CLANG_WARN_SUSPICIOUS_MOVE = YES;
				CLANG_WARN_UNGUARDED_AVAILABILITY = YES_AGGRESSIVE;
				CLANG_WARN_UNREACHABLE_CODE = YES;
				CLANG_WARN__DUPLICATE_METHOD_MATCH = YES;
				COPY_PHASE_STRIP = NO;
				DEBUG_INFORMATION_FORMAT = "dwarf-with-dsym";
				ENABLE_NS_ASSERTIONS = NO;
				ENABLE_STRICT_OBJC_MSGSEND = YES;
				GCC_C_LANGUAGE_STANDARD = gnu11;
				GCC_NO_COMMON_BLOCKS = YES;
				GCC_WARN_64_TO_32_BIT_CONVERSION = YES;
				GCC_WARN_ABOUT_RETURN_TYPE = YES_ERROR;
				GCC_WARN_UNDECLARED_SELECTOR = YES;
				GCC_WARN_UNINITIALIZED_AUTOS = YES_AGGRESSIVE;
				GCC_WARN_UNUSED_FUNCTION = YES;
				GCC_WARN_UNUSED_VARIABLE = YES;
				IPHONEOS_DEPLOYMENT_TARGET = 15.0;
				MTL_ENABLE_DEBUG_INFO = NO;
				MTL_FAST_MATH = YES;
				SDKROOT = iphoneos;
				SWIFT_COMPILATION_MODE = wholemodule;
				SWIFT_OPTIMIZATION_LEVEL = "-O";
				VALIDATE_PRODUCT = YES;
			};
			name = Release;
		};
		B09BCFB827C4237800ABB371 /* Debug */ = {
			isa = XCBuildConfiguration;
			buildSettings = {
				ASSETCATALOG_COMPILER_APPICON_NAME = AppIcon;
				ASSETCATALOG_COMPILER_GLOBAL_ACCENT_COLOR_NAME = AccentColor;
				CODE_SIGN_STYLE = Automatic;
				CURRENT_PROJECT_VERSION = 1;
				GENERATE_INFOPLIST_FILE = YES;
				INFOPLIST_FILE = SenhasApp/Info.plist;
				INFOPLIST_KEY_UIApplicationSupportsIndirectInputEvents = YES;
				INFOPLIST_KEY_UILaunchStoryboardName = LaunchScreen;
				INFOPLIST_KEY_UIMainStoryboardFile = Main;
				INFOPLIST_KEY_UISupportedInterfaceOrientations = UIInterfaceOrientationPortrait;
				INFOPLIST_KEY_UISupportedInterfaceOrientations_iPad = "UIInterfaceOrientationPortrait UIInterfaceOrientationPortraitUpsideDown UIInterfaceOrientationLandscapeLeft UIInterfaceOrientationLandscapeRight";
				INFOPLIST_KEY_UISupportedInterfaceOrientations_iPhone = "UIInterfaceOrientationPortrait UIInterfaceOrientationLandscapeLeft UIInterfaceOrientationLandscapeRight";
				LD_RUNPATH_SEARCH_PATHS = (
					"$(inherited)",
					"@executable_path/Frameworks",
				);
				MARKETING_VERSION = 1.0;
				PRODUCT_BUNDLE_IDENTIFIER = br.com.bruno.SenhasApp;
				PRODUCT_NAME = "$(TARGET_NAME)";
				SWIFT_EMIT_LOC_STRINGS = YES;
				SWIFT_VERSION = 5.0;
				TARGETED_DEVICE_FAMILY = 1;
			};
			name = Debug;
		};
		B09BCFB927C4237800ABB371 /* Release */ = {
			isa = XCBuildConfiguration;
			buildSettings = {
				ASSETCATALOG_COMPILER_APPICON_NAME = AppIcon;
				ASSETCATALOG_COMPILER_GLOBAL_ACCENT_COLOR_NAME = AccentColor;
				CODE_SIGN_STYLE = Automatic;
				CURRENT_PROJECT_VERSION = 1;
				GENERATE_INFOPLIST_FILE = YES;
				INFOPLIST_FILE = SenhasApp/Info.plist;
				INFOPLIST_KEY_UIApplicationSupportsIndirectInputEvents = YES;
				INFOPLIST_KEY_UILaunchStoryboardName = LaunchScreen;
				INFOPLIST_KEY_UIMainStoryboardFile = Main;
				INFOPLIST_KEY_UISupportedInterfaceOrientations = UIInterfaceOrientationPortrait;
				INFOPLIST_KEY_UISupportedInterfaceOrientations_iPad = "UIInterfaceOrientationPortrait UIInterfaceOrientationPortraitUpsideDown UIInterfaceOrientationLandscapeLeft UIInterfaceOrientationLandscapeRight";
				INFOPLIST_KEY_UISupportedInterfaceOrientations_iPhone = "UIInterfaceOrientationPortrait UIInterfaceOrientationLandscapeLeft UIInterfaceOrientationLandscapeRight";
				LD_RUNPATH_SEARCH_PATHS = (
					"$(inherited)",
					"@executable_path/Frameworks",
				);
				MARKETING_VERSION = 1.0;
				PRODUCT_BUNDLE_IDENTIFIER = br.com.bruno.SenhasApp;
				PRODUCT_NAME = "$(TARGET_NAME)";
				SWIFT_EMIT_LOC_STRINGS = YES;
				SWIFT_VERSION = 5.0;
				TARGETED_DEVICE_FAMILY = 1;
			};
			name = Release;
		};
		B09BCFBB27C4237800ABB371 /* Debug */ = {
			isa = XCBuildConfiguration;
			buildSettings = {
				ALWAYS_EMBED_SWIFT_STANDARD_LIBRARIES = YES;
				BUNDLE_LOADER = "$(TEST_HOST)";
				CODE_SIGN_STYLE = Automatic;
				CURRENT_PROJECT_VERSION = 1;
				GENERATE_INFOPLIST_FILE = YES;
				IPHONEOS_DEPLOYMENT_TARGET = 15.0;
				LD_RUNPATH_SEARCH_PATHS = (
					"$(inherited)",
					"@executable_path/Frameworks",
					"@loader_path/Frameworks",
				);
				MARKETING_VERSION = 1.0;
				PRODUCT_BUNDLE_IDENTIFIER = br.com.bruno.SenhasAppTests;
				PRODUCT_NAME = "$(TARGET_NAME)";
				SWIFT_EMIT_LOC_STRINGS = NO;
				SWIFT_VERSION = 5.0;
				TARGETED_DEVICE_FAMILY = "1,2";
				TEST_HOST = "$(BUILT_PRODUCTS_DIR)/SenhasApp.app/SenhasApp";
			};
			name = Debug;
		};
		B09BCFBC27C4237800ABB371 /* Release */ = {
			isa = XCBuildConfiguration;
			buildSettings = {
				ALWAYS_EMBED_SWIFT_STANDARD_LIBRARIES = YES;
				BUNDLE_LOADER = "$(TEST_HOST)";
				CODE_SIGN_STYLE = Automatic;
				CURRENT_PROJECT_VERSION = 1;
				GENERATE_INFOPLIST_FILE = YES;
				IPHONEOS_DEPLOYMENT_TARGET = 15.0;
				LD_RUNPATH_SEARCH_PATHS = (
					"$(inherited)",
					"@executable_path/Frameworks",
					"@loader_path/Frameworks",
				);
				MARKETING_VERSION = 1.0;
				PRODUCT_BUNDLE_IDENTIFIER = br.com.bruno.SenhasAppTests;
				PRODUCT_NAME = "$(TARGET_NAME)";
				SWIFT_EMIT_LOC_STRINGS = NO;
				SWIFT_VERSION = 5.0;
				TARGETED_DEVICE_FAMILY = "1,2";
				TEST_HOST = "$(BUILT_PRODUCTS_DIR)/SenhasApp.app/SenhasApp";
			};
			name = Release;
		};
		B09BCFBE27C4237800ABB371 /* Debug */ = {
			isa = XCBuildConfiguration;
			buildSettings = {
				ALWAYS_EMBED_SWIFT_STANDARD_LIBRARIES = YES;
				CODE_SIGN_STYLE = Automatic;
				CURRENT_PROJECT_VERSION = 1;
				GENERATE_INFOPLIST_FILE = YES;
				LD_RUNPATH_SEARCH_PATHS = (
					"$(inherited)",
					"@executable_path/Frameworks",
					"@loader_path/Frameworks",
				);
				MARKETING_VERSION = 1.0;
				PRODUCT_BUNDLE_IDENTIFIER = br.com.bruno.SenhasAppUITests;
				PRODUCT_NAME = "$(TARGET_NAME)";
				SWIFT_EMIT_LOC_STRINGS = NO;
				SWIFT_VERSION = 5.0;
				TARGETED_DEVICE_FAMILY = "1,2";
				TEST_TARGET_NAME = SenhasApp;
			};
			name = Debug;
		};
		B09BCFBF27C4237800ABB371 /* Release */ = {
			isa = XCBuildConfiguration;
			buildSettings = {
				ALWAYS_EMBED_SWIFT_STANDARD_LIBRARIES = YES;
				CODE_SIGN_STYLE = Automatic;
				CURRENT_PROJECT_VERSION = 1;
				GENERATE_INFOPLIST_FILE = YES;
				LD_RUNPATH_SEARCH_PATHS = (
					"$(inherited)",
					"@executable_path/Frameworks",
					"@loader_path/Frameworks",
				);
				MARKETING_VERSION = 1.0;
				PRODUCT_BUNDLE_IDENTIFIER = br.com.bruno.SenhasAppUITests;
				PRODUCT_NAME = "$(TARGET_NAME)";
				SWIFT_EMIT_LOC_STRINGS = NO;
				SWIFT_VERSION = 5.0;
				TARGETED_DEVICE_FAMILY = "1,2";
				TEST_TARGET_NAME = SenhasApp;
			};
			name = Release;
		};
/* End XCBuildConfiguration section */

/* Begin XCConfigurationList section */
		B09BCF8827C4237300ABB371 /* Build configuration list for PBXProject "SenhasApp" */ = {
			isa = XCConfigurationList;
			buildConfigurations = (
				B09BCFB527C4237800ABB371 /* Debug */,
				B09BCFB627C4237800ABB371 /* Release */,
			);
			defaultConfigurationIsVisible = 0;
			defaultConfigurationName = Release;
		};
		B09BCFB727C4237800ABB371 /* Build configuration list for PBXNativeTarget "SenhasApp" */ = {
			isa = XCConfigurationList;
			buildConfigurations = (
				B09BCFB827C4237800ABB371 /* Debug */,
				B09BCFB927C4237800ABB371 /* Release */,
			);
			defaultConfigurationIsVisible = 0;
			defaultConfigurationName = Release;
		};
		B09BCFBA27C4237800ABB371 /* Build configuration list for PBXNativeTarget "SenhasAppTests" */ = {
			isa = XCConfigurationList;
			buildConfigurations = (
				B09BCFBB27C4237800ABB371 /* Debug */,
				B09BCFBC27C4237800ABB371 /* Release */,
			);
			defaultConfigurationIsVisible = 0;
			defaultConfigurationName = Release;
		};
		B09BCFBD27C4237800ABB371 /* Build configuration list for PBXNativeTarget "SenhasAppUITests" */ = {
			isa = XCConfigurationList;
			buildConfigurations = (
				B09BCFBE27C4237800ABB371 /* Debug */,
				B09BCFBF27C4237800ABB371 /* Release */,
			);
			defaultConfigurationIsVisible = 0;
			defaultConfigurationName = Release;
		};
/* End XCConfigurationList section */
	};
	rootObject = B09BCF8527C4237300ABB371 /* Project object */;
}
